
Microsoft Visual Studio Solution File, Format Version 12.00
# Visual Studio 15
VisualStudioVersion = 15.0.27130.2036
MinimumVisualStudioVersion = 10.0.40219.1
Project("{FAE04EC0-301F-11D3-BF4B-00C04F79EFBC}") = "aspnetcore2", "aspnetcore2\aspnetcore2.csproj", "{FDD8EAA8-98B8-4ABE-8908-A60EBE6D5384}"
EndProject
Global
	GlobalSection(SolutionConfigurationPlatforms) = preSolution
		Debug|Any CPU = Debug|Any CPU
		Release|Any CPU = Release|Any CPU
	EndGlobalSection
	GlobalSection(ProjectConfigurationPlatforms) = postSolution
		{FDD8EAA8-98B8-4ABE-8908-A60EBE6D5384}.Debug|Any CPU.ActiveCfg = Debug|Any CPU
		{FDD8EAA8-98B8-4ABE-8908-A60EBE6D5384}.Debug|Any CPU.Build.0 = Debug|Any CPU
		{FDD8EAA8-98B8-4ABE-8908-A60EBE6D5384}.Release|Any CPU.ActiveCfg = Release|Any CPU
		{FDD8EAA8-98B8-4ABE-8908-A60EBE6D5384}.Release|Any CPU.Build.0 = Release|Any CPU
	EndGlobalSection
	GlobalSection(SolutionProperties) = preSolution
		HideSolutionNode = FALSE
	EndGlobalSection
	GlobalSection(ExtensibilityGlobals) = postSolution
		SolutionGuid = {B57668FE-6751-4D36-9C34-B302E20D8143}
	EndGlobalSection
EndGlobal
